
Microsoft Visual Studio Solution File, Format Version 12.00
# Visual Studio Version 17
VisualStudioVersion = 17.11.35303.130
MinimumVisualStudioVersion = 10.0.40219.1
Project("{9A19103F-16F7-4668-BE54-9A1E7A4F7556}") = "AlarmDrink", "AlarmDrink.csproj", "{AF1C88BB-099C-45DA-B8A4-1FE3A89CFEC5}"
EndProject
Global
	GlobalSection(SolutionConfigurationPlatforms) = preSolution
		Debug|Any CPU = Debug|Any CPU
		Release|Any CPU = Release|Any CPU
	EndGlobalSection
	GlobalSection(ProjectConfigurationPlatforms) = postSolution
		{AF1C88BB-099C-45DA-B8A4-1FE3A89CFEC5}.Debug|Any CPU.ActiveCfg = Debug|Any CPU
		{AF1C88BB-099C-45DA-B8A4-1FE3A89CFEC5}.Debug|Any CPU.Build.0 = Debug|Any CPU
		{AF1C88BB-099C-45DA-B8A4-1FE3A89CFEC5}.Release|Any CPU.ActiveCfg = Release|Any CPU
		{AF1C88BB-099C-45DA-B8A4-1FE3A89CFEC5}.Release|Any CPU.Build.0 = Release|Any CPU
	EndGlobalSection
	GlobalSection(SolutionProperties) = preSolution
		HideSolutionNode = FALSE
	EndGlobalSection
	GlobalSection(ExtensibilityGlobals) = postSolution
		SolutionGuid = {D995CE51-5036-4EEA-8188-C6AAAE89F814}
	EndGlobalSection
EndGlobal
